
Microsoft Visual Studio Solution File, Format Version 12.00
# Visual Studio Version 16
VisualStudioVersion = 16.0.29728.190
MinimumVisualStudioVersion = 10.0.40219.1
Project("{FAE04EC0-301F-11D3-BF4B-00C04F79EFBC}") = "WizardEmporium.Store", "WizardEmporium.Store\WizardEmporium.Store.csproj", "{CC2177A7-F5CA-4DA9-B255-E2D9EE234EC0}"
EndProject
Project("{9A19103F-16F7-4668-BE54-9A1E7A4F7556}") = "WizardEmporium.Common", "..\WizardEmporium.Common\WizardEmporium.Common\WizardEmporium.Common.csproj", "{BB6AF89B-6B19-444C-9155-5DA0F1E2B235}"
EndProject
Global
	GlobalSection(SolutionConfigurationPlatforms) = preSolution
		Debug|Any CPU = Debug|Any CPU
		Release|Any CPU = Release|Any CPU
	EndGlobalSection
	GlobalSection(ProjectConfigurationPlatforms) = postSolution
		{CC2177A7-F5CA-4DA9-B255-E2D9EE234EC0}.Debug|Any CPU.ActiveCfg = Debug|Any CPU
		{CC2177A7-F5CA-4DA9-B255-E2D9EE234EC0}.Debug|Any CPU.Build.0 = Debug|Any CPU
		{CC2177A7-F5CA-4DA9-B255-E2D9EE234EC0}.Release|Any CPU.ActiveCfg = Release|Any CPU
		{CC2177A7-F5CA-4DA9-B255-E2D9EE234EC0}.Release|Any CPU.Build.0 = Release|Any CPU
		{BB6AF89B-6B19-444C-9155-5DA0F1E2B235}.Debug|Any CPU.ActiveCfg = Debug|Any CPU
		{BB6AF89B-6B19-444C-9155-5DA0F1E2B235}.Debug|Any CPU.Build.0 = Debug|Any CPU
		{BB6AF89B-6B19-444C-9155-5DA0F1E2B235}.Release|Any CPU.ActiveCfg = Release|Any CPU
		{BB6AF89B-6B19-444C-9155-5DA0F1E2B235}.Release|Any CPU.Build.0 = Release|Any CPU
	EndGlobalSection
	GlobalSection(SolutionProperties) = preSolution
		HideSolutionNode = FALSE
	EndGlobalSection
	GlobalSection(ExtensibilityGlobals) = postSolution
		SolutionGuid = {02067D86-5CAB-42EE-81A7-65A1736C7C69}
	EndGlobalSection
EndGlobal
